
Microsoft Visual Studio Solution File, Format Version 12.00
# Visual Studio Version 17
VisualStudioVersion = 17.4.33205.214
MinimumVisualStudioVersion = 10.0.40219.1
Project("{8BC9CEB8-8B4A-11D0-8D11-00A0C91BC942}") = "DayOfTheWeek", "DayOfTheWeek\DayOfTheWeek.vcxproj", "{F7464342-1C48-4012-AFBB-BAFB045470DB}"
EndProject
Global
	GlobalSection(SolutionConfigurationPlatforms) = preSolution
		Debug|x64 = Debug|x64
		Debug|x86 = Debug|x86
		Release|x64 = Release|x64
		Release|x86 = Release|x86
	EndGlobalSection
	GlobalSection(ProjectConfigurationPlatforms) = postSolution
		{F7464342-1C48-4012-AFBB-BAFB045470DB}.Debug|x64.ActiveCfg = Debug|x64
		{F7464342-1C48-4012-AFBB-BAFB045470DB}.Debug|x64.Build.0 = Debug|x64
		{F7464342-1C48-4012-AFBB-BAFB045470DB}.Debug|x86.ActiveCfg = Debug|Win32
		{F7464342-1C48-4012-AFBB-BAFB045470DB}.Debug|x86.Build.0 = Debug|Win32
		{F7464342-1C48-4012-AFBB-BAFB045470DB}.Release|x64.ActiveCfg = Release|x64
		{F7464342-1C48-4012-AFBB-BAFB045470DB}.Release|x64.Build.0 = Release|x64
		{F7464342-1C48-4012-AFBB-BAFB045470DB}.Release|x86.ActiveCfg = Release|Win32
		{F7464342-1C48-4012-AFBB-BAFB045470DB}.Release|x86.Build.0 = Release|Win32
	EndGlobalSection
	GlobalSection(SolutionProperties) = preSolution
		HideSolutionNode = FALSE
	EndGlobalSection
	GlobalSection(ExtensibilityGlobals) = postSolution
		SolutionGuid = {913EF3D0-7C2E-4E91-8550-4F7745DB401C}
	EndGlobalSection
EndGlobal
